
Microsoft Visual Studio Solution File, Format Version 12.00
# Visual Studio Version 16
VisualStudioVersion = 16.0.30114.105
MinimumVisualStudioVersion = 10.0.40219.1
Project("{9A19103F-16F7-4668-BE54-9A1E7A4F7556}") = "ControlFunctionExtensionSample", "ControlFunctionExtensionSample\ControlFunctionExtensionSample.csproj", "{6922A38A-381C-4E3D-9BC3-70F77C8CFC00}"
EndProject
Project("{9A19103F-16F7-4668-BE54-9A1E7A4F7556}") = "RenderSizeDemo", "RenderSizeDemo\RenderSizeDemo.csproj", "{FBB9A8D9-8699-451C-B1FC-BA865C9B02AE}"
EndProject
Project("{9A19103F-16F7-4668-BE54-9A1E7A4F7556}") = "GeometryDemo", "GeometryDemo\GeometryDemo.csproj", "{2F6423B6-ACC1-4C69-B87B-92A6F3E4F793}"
EndProject
Project("{9A19103F-16F7-4668-BE54-9A1E7A4F7556}") = "CachingElementToImproveRenderingPerformanceDemo", "CachingElementToImproveRenderingPerformanceDemo\CachingElementToImproveRenderingPerformanceDemo.csproj", "{4E87D9E6-4860-48B5-8BFC-3E4064391FBC}"
EndProject
Project("{9A19103F-16F7-4668-BE54-9A1E7A4F7556}") = "ButtonChromeDemo", "ButtonChromeDemo\ButtonChromeDemo.csproj", "{CFB39F22-1B93-4484-BAD4-8C26BEB88466}"
EndProject
Project("{FAE04EC0-301F-11D3-BF4B-00C04F79EFBC}") = "AnimationDemo", "AnimationDemo\AnimationDemo.csproj", "{7F1D7A21-3E32-444C-9E31-E5C0BCBC9445}"
EndProject
Global
	GlobalSection(SolutionConfigurationPlatforms) = preSolution
		Debug|Any CPU = Debug|Any CPU
		Debug|x64 = Debug|x64
		Debug|x86 = Debug|x86
		Release|Any CPU = Release|Any CPU
		Release|x64 = Release|x64
		Release|x86 = Release|x86
	EndGlobalSection
	GlobalSection(ProjectConfigurationPlatforms) = postSolution
		{6922A38A-381C-4E3D-9BC3-70F77C8CFC00}.Debug|Any CPU.ActiveCfg = Debug|Any CPU
		{6922A38A-381C-4E3D-9BC3-70F77C8CFC00}.Debug|Any CPU.Build.0 = Debug|Any CPU
		{6922A38A-381C-4E3D-9BC3-70F77C8CFC00}.Debug|x64.ActiveCfg = Debug|Any CPU
		{6922A38A-381C-4E3D-9BC3-70F77C8CFC00}.Debug|x64.Build.0 = Debug|Any CPU
		{6922A38A-381C-4E3D-9BC3-70F77C8CFC00}.Debug|x86.ActiveCfg = Debug|Any CPU
		{6922A38A-381C-4E3D-9BC3-70F77C8CFC00}.Debug|x86.Build.0 = Debug|Any CPU
		{6922A38A-381C-4E3D-9BC3-70F77C8CFC00}.Release|Any CPU.ActiveCfg = Release|Any CPU
		{6922A38A-381C-4E3D-9BC3-70F77C8CFC00}.Release|Any CPU.Build.0 = Release|Any CPU
		{6922A38A-381C-4E3D-9BC3-70F77C8CFC00}.Release|x64.ActiveCfg = Release|Any CPU
		{6922A38A-381C-4E3D-9BC3-70F77C8CFC00}.Release|x64.Build.0 = Release|Any CPU
		{6922A38A-381C-4E3D-9BC3-70F77C8CFC00}.Release|x86.ActiveCfg = Release|Any CPU
		{6922A38A-381C-4E3D-9BC3-70F77C8CFC00}.Release|x86.Build.0 = Release|Any CPU
		{FBB9A8D9-8699-451C-B1FC-BA865C9B02AE}.Debug|Any CPU.ActiveCfg = Debug|Any CPU
		{FBB9A8D9-8699-451C-B1FC-BA865C9B02AE}.Debug|Any CPU.Build.0 = Debug|Any CPU
		{FBB9A8D9-8699-451C-B1FC-BA865C9B02AE}.Debug|x64.ActiveCfg = Debug|Any CPU
		{FBB9A8D9-8699-451C-B1FC-BA865C9B02AE}.Debug|x64.Build.0 = Debug|Any CPU
		{FBB9A8D9-8699-451C-B1FC-BA865C9B02AE}.Debug|x86.ActiveCfg = Debug|Any CPU
		{FBB9A8D9-8699-451C-B1FC-BA865C9B02AE}.Debug|x86.Build.0 = Debug|Any CPU
		{FBB9A8D9-8699-451C-B1FC-BA865C9B02AE}.Release|Any CPU.ActiveCfg = Release|Any CPU
		{FBB9A8D9-8699-451C-B1FC-BA865C9B02AE}.Release|Any CPU.Build.0 = Release|Any CPU
		{FBB9A8D9-8699-451C-B1FC-BA865C9B02AE}.Release|x64.ActiveCfg = Release|Any CPU
		{FBB9A8D9-8699-451C-B1FC-BA865C9B02AE}.Release|x64.Build.0 = Release|Any CPU
		{FBB9A8D9-8699-451C-B1FC-BA865C9B02AE}.Release|x86.ActiveCfg = Release|Any CPU
		{FBB9A8D9-8699-451C-B1FC-BA865C9B02AE}.Release|x86.Build.0 = Release|Any CPU
		{2F6423B6-ACC1-4C69-B87B-92A6F3E4F793}.Debug|Any CPU.ActiveCfg = Debug|Any CPU
		{2F6423B6-ACC1-4C69-B87B-92A6F3E4F793}.Debug|Any CPU.Build.0 = Debug|Any CPU
		{2F6423B6-ACC1-4C69-B87B-92A6F3E4F793}.Debug|x64.ActiveCfg = Debug|Any CPU
		{2F6423B6-ACC1-4C69-B87B-92A6F3E4F793}.Debug|x64.Build.0 = Debug|Any CPU
		{2F6423B6-ACC1-4C69-B87B-92A6F3E4F793}.Debug|x86.ActiveCfg = Debug|Any CPU
		{2F6423B6-ACC1-4C69-B87B-92A6F3E4F793}.Debug|x86.Build.0 = Debug|Any CPU
		{2F6423B6-ACC1-4C69-B87B-92A6F3E4F793}.Release|Any CPU.ActiveCfg = Release|Any CPU
		{2F6423B6-ACC1-4C69-B87B-92A6F3E4F793}.Release|Any CPU.Build.0 = Release|Any CPU
		{2F6423B6-ACC1-4C69-B87B-92A6F3E4F793}.Release|x64.ActiveCfg = Release|Any CPU
		{2F6423B6-ACC1-4C69-B87B-92A6F3E4F793}.Release|x64.Build.0 = Release|Any CPU
		{2F6423B6-ACC1-4C69-B87B-92A6F3E4F793}.Release|x86.ActiveCfg = Release|Any CPU
		{2F6423B6-ACC1-4C69-B87B-92A6F3E4F793}.Release|x86.Build.0 = Release|Any CPU
		{4E87D9E6-4860-48B5-8BFC-3E4064391FBC}.Debug|Any CPU.ActiveCfg = Debug|Any CPU
		{4E87D9E6-4860-48B5-8BFC-3E4064391FBC}.Debug|Any CPU.Build.0 = Debug|Any CPU
		{4E87D9E6-4860-48B5-8BFC-3E4064391FBC}.Debug|x64.ActiveCfg = Debug|Any CPU
		{4E87D9E6-4860-48B5-8BFC-3E4064391FBC}.Debug|x64.Build.0 = Debug|Any CPU
		{4E87D9E6-4860-48B5-8BFC-3E4064391FBC}.Debug|x86.ActiveCfg = Debug|Any CPU
		{4E87D9E6-4860-48B5-8BFC-3E4064391FBC}.Debug|x86.Build.0 = Debug|Any CPU
		{4E87D9E6-4860-48B5-8BFC-3E4064391FBC}.Release|Any CPU.ActiveCfg = Release|Any CPU
		{4E87D9E6-4860-48B5-8BFC-3E4064391FBC}.Release|Any CPU.Build.0 = Release|Any CPU
		{4E87D9E6-4860-48B5-8BFC-3E4064391FBC}.Release|x64.ActiveCfg = Release|Any CPU
		{4E87D9E6-4860-48B5-8BFC-3E4064391FBC}.Release|x64.Build.0 = Release|Any CPU
		{4E87D9E6-4860-48B5-8BFC-3E4064391FBC}.Release|x86.ActiveCfg = Release|Any CPU
		{4E87D9E6-4860-48B5-8BFC-3E4064391FBC}.Release|x86.Build.0 = Release|Any CPU
		{CFB39F22-1B93-4484-BAD4-8C26BEB88466}.Debug|Any CPU.ActiveCfg = Debug|Any CPU
		{CFB39F22-1B93-4484-BAD4-8C26BEB88466}.Debug|Any CPU.Build.0 = Debug|Any CPU
		{CFB39F22-1B93-4484-BAD4-8C26BEB88466}.Debug|x64.ActiveCfg = Debug|Any CPU
		{CFB39F22-1B93-4484-BAD4-8C26BEB88466}.Debug|x64.Build.0 = Debug|Any CPU
		{CFB39F22-1B93-4484-BAD4-8C26BEB88466}.Debug|x86.ActiveCfg = Debug|Any CPU
		{CFB39F22-1B93-4484-BAD4-8C26BEB88466}.Debug|x86.Build.0 = Debug|Any CPU
		{CFB39F22-1B93-4484-BAD4-8C26BEB88466}.Release|Any CPU.ActiveCfg = Release|Any CPU
		{CFB39F22-1B93-4484-BAD4-8C26BEB88466}.Release|Any CPU.Build.0 = Release|Any CPU
		{CFB39F22-1B93-4484-BAD4-8C26BEB88466}.Release|x64.ActiveCfg = Release|Any CPU
		{CFB39F22-1B93-4484-BAD4-8C26BEB88466}.Release|x64.Build.0 = Release|Any CPU
		{CFB39F22-1B93-4484-BAD4-8C26BEB88466}.Release|x86.ActiveCfg = Release|Any CPU
		{CFB39F22-1B93-4484-BAD4-8C26BEB88466}.Release|x86.Build.0 = Release|Any CPU
		{7F1D7A21-3E32-444C-9E31-E5C0BCBC9445}.Debug|Any CPU.ActiveCfg = Debug|Any CPU
		{7F1D7A21-3E32-444C-9E31-E5C0BCBC9445}.Debug|Any CPU.Build.0 = Debug|Any CPU
		{7F1D7A21-3E32-444C-9E31-E5C0BCBC9445}.Debug|x64.ActiveCfg = Debug|Any CPU
		{7F1D7A21-3E32-444C-9E31-E5C0BCBC9445}.Debug|x64.Build.0 = Debug|Any CPU
		{7F1D7A21-3E32-444C-9E31-E5C0BCBC9445}.Debug|x86.ActiveCfg = Debug|Any CPU
		{7F1D7A21-3E32-444C-9E31-E5C0BCBC9445}.Debug|x86.Build.0 = Debug|Any CPU
		{7F1D7A21-3E32-444C-9E31-E5C0BCBC9445}.Release|Any CPU.ActiveCfg = Release|Any CPU
		{7F1D7A21-3E32-444C-9E31-E5C0BCBC9445}.Release|Any CPU.Build.0 = Release|Any CPU
		{7F1D7A21-3E32-444C-9E31-E5C0BCBC9445}.Release|x64.ActiveCfg = Release|Any CPU
		{7F1D7A21-3E32-444C-9E31-E5C0BCBC9445}.Release|x64.Build.0 = Release|Any CPU
		{7F1D7A21-3E32-444C-9E31-E5C0BCBC9445}.Release|x86.ActiveCfg = Release|Any CPU
		{7F1D7A21-3E32-444C-9E31-E5C0BCBC9445}.Release|x86.Build.0 = Release|Any CPU
	EndGlobalSection
	GlobalSection(SolutionProperties) = preSolution
		HideSolutionNode = FALSE
	EndGlobalSection
	GlobalSection(ExtensibilityGlobals) = postSolution
		SolutionGuid = {BF4D5FC6-D2A6-478A-9D13-56515D57FADF}
	EndGlobalSection
EndGlobal
